// !$*UTF8*$!
{
	archiveVersion = 1;
	classes = {
	};
	objectVersion = 55;
	objects = {

/* Begin PBXBuildFile section */
		588D706C2A57131200B250DA /* AppDelegate.swift in Sources */ = {isa = PBXBuildFile; fileRef = 588D706B2A57131200B250DA /* AppDelegate.swift */; };
		588D706E2A57131200B250DA /* SceneDelegate.swift in Sources */ = {isa = PBXBuildFile; fileRef = 588D706D2A57131200B250DA /* SceneDelegate.swift */; };
		588D70702A57131200B250DA /* ViewController.swift in Sources */ = {isa = PBXBuildFile; fileRef = 588D706F2A57131200B250DA /* ViewController.swift */; };
		588D70732A57131200B250DA /* Main.storyboard in Resources */ = {isa = PBXBuildFile; fileRef = 588D70712A57131200B250DA /* Main.storyboard */; };
		588D70752A57131300B250DA /* Assets.xcassets in Resources */ = {isa = PBXBuildFile; fileRef = 588D70742A57131300B250DA /* Assets.xcassets */; };
		588D70782A57131300B250DA /* LaunchScreen.storyboard in Resources */ = {isa = PBXBuildFile; fileRef = 588D70762A57131300B250DA /* LaunchScreen.storyboard */; };
		588D70892A585C6900B250DA /* ShadowButton.swift in Sources */ = {isa = PBXBuildFile; fileRef = 588D70882A585C6900B250DA /* ShadowButton.swift */; };
/* End PBXBuildFile section */

/* Begin PBXFileReference section */
		588D70682A57131200B250DA /* LIChatClient.app */ = {isa = PBXFileReference; explicitFileType = wrapper.application; includeInIndex = 0; path = LIChatClient.app; sourceTree = BUILT_PRODUCTS_DIR; };
		588D706B2A57131200B250DA /* AppDelegate.swift */ = {isa = PBXFileReference; lastKnownFileType = sourcecode.swift; path = AppDelegate.swift; sourceTree = "<group>"; };
		588D706D2A57131200B250DA /* SceneDelegate.swift */ = {isa = PBXFileReference; lastKnownFileType = sourcecode.swift; path = SceneDelegate.swift; sourceTree = "<group>"; };
		588D706F2A57131200B250DA /* ViewController.swift */ = {isa = PBXFileReference; lastKnownFileType = sourcecode.swift; path = ViewController.swift; sourceTree = "<group>"; };
		588D70722A57131200B250DA /* Base */ = {isa = PBXFileReference; lastKnownFileType = file.storyboard; name = Base; path = Base.lproj/Main.storyboard; sourceTree = "<group>"; };
		588D70742A57131300B250DA /* Assets.xcassets */ = {isa = PBXFileReference; lastKnownFileType = folder.assetcatalog; path = Assets.xcassets; sourceTree = "<group>"; };
		588D70772A57131300B250DA /* Base */ = {isa = PBXFileReference; lastKnownFileType = file.storyboard; name = Base; path = Base.lproj/LaunchScreen.storyboard; sourceTree = "<group>"; };
		588D70792A57131300B250DA /* Info.plist */ = {isa = PBXFileReference; lastKnownFileType = text.plist.xml; path = Info.plist; sourceTree = "<group>"; };
		588D70882A585C6900B250DA /* ShadowButton.swift */ = {isa = PBXFileReference; lastKnownFileType = sourcecode.swift; path = ShadowButton.swift; sourceTree = "<group>"; };
/* End PBXFileReference section */

/* Begin PBXFrameworksBuildPhase section */
		588D70652A57131200B250DA /* Frameworks */ = {
			isa = PBXFrameworksBuildPhase;
			buildActionMask = 2147483647;
			files = (
			);
			runOnlyForDeploymentPostprocessing = 0;
		};
/* End PBXFrameworksBuildPhase section */

/* Begin PBXGroup section */
		588D705F2A57131200B250DA = {
			isa = PBXGroup;
			children = (
				588D706A2A57131200B250DA /* LIChatClient */,
				588D70692A57131200B250DA /* Products */,
			);
			sourceTree = "<group>";
		};
		588D70692A57131200B250DA /* Products */ = {
			isa = PBXGroup;
			children = (
				588D70682A57131200B250DA /* LIChatClient.app */,
			);
			name = Products;
			sourceTree = "<group>";
		};
		588D706A2A57131200B250DA /* LIChatClient */ = {
			isa = PBXGroup;
			children = (
				588D70842A57191000B250DA /* MessageScreen */,
				588D70832A5718EF00B250DA /* Assets */,
				588D70822A5718E800B250DA /* Core */,
				588D707F2A57171000B250DA /* LoginScreen */,
				588D70762A57131300B250DA /* LaunchScreen.storyboard */,
				588D70792A57131300B250DA /* Info.plist */,
			);
			path = LIChatClient;
			sourceTree = "<group>";
		};
		588D707F2A57171000B250DA /* LoginScreen */ = {
			isa = PBXGroup;
			children = (
				588D70872A5830D000B250DA /* Presentors */,
				588D70812A57188100B250DA /* Views */,
				588D70802A57187700B250DA /* Controllers */,
			);
			path = LoginScreen;
			sourceTree = "<group>";
		};
		588D70802A57187700B250DA /* Controllers */ = {
			isa = PBXGroup;
			children = (
				588D706F2A57131200B250DA /* ViewController.swift */,
			);
			path = Controllers;
			sourceTree = "<group>";
		};
		588D70812A57188100B250DA /* Views */ = {
			isa = PBXGroup;
			children = (
				588D70712A57131200B250DA /* Main.storyboard */,
				588D70882A585C6900B250DA /* ShadowButton.swift */,
			);
			path = Views;
			sourceTree = "<group>";
		};
		588D70822A5718E800B250DA /* Core */ = {
			isa = PBXGroup;
			children = (
				588D706B2A57131200B250DA /* AppDelegate.swift */,
				588D706D2A57131200B250DA /* SceneDelegate.swift */,
			);
			path = Core;
			sourceTree = "<group>";
		};
		588D70832A5718EF00B250DA /* Assets */ = {
			isa = PBXGroup;
			children = (
				588D70742A57131300B250DA /* Assets.xcassets */,
			);
			path = Assets;
			sourceTree = "<group>";
		};
		588D70842A57191000B250DA /* MessageScreen */ = {
			isa = PBXGroup;
			children = (
				588D70862A57192500B250DA /* Controllers */,
				588D70852A57191F00B250DA /* Views */,
			);
			path = MessageScreen;
			sourceTree = "<group>";
		};
		588D70852A57191F00B250DA /* Views */ = {
			isa = PBXGroup;
			children = (
			);
			path = Views;
			sourceTree = "<group>";
		};
		588D70862A57192500B250DA /* Controllers */ = {
			isa = PBXGroup;
			children = (
			);
			path = Controllers;
			sourceTree = "<group>";
		};
		588D70872A5830D000B250DA /* Presentors */ = {
			isa = PBXGroup;
			children = (
			);
			path = Presentors;
			sourceTree = "<group>";
		};
/* End PBXGroup section */

/* Begin PBXNativeTarget section */
		588D70672A57131200B250DA /* LIChatClient */ = {
			isa = PBXNativeTarget;
			buildConfigurationList = 588D707C2A57131300B250DA /* Build configuration list for PBXNativeTarget "LIChatClient" */;
			buildPhases = (
				588D70642A57131200B250DA /* Sources */,
				588D70652A57131200B250DA /* Frameworks */,
				588D70662A57131200B250DA /* Resources */,
			);
			buildRules = (
			);
			dependencies = (
			);
			name = LIChatClient;
			productName = LIChatClient;
			productReference = 588D70682A57131200B250DA /* LIChatClient.app */;
			productType = "com.apple.product-type.application";
		};
/* End PBXNativeTarget section */

/* Begin PBXProject section */
		588D70602A57131200B250DA /* Project object */ = {
			isa = PBXProject;
			attributes = {
				BuildIndependentTargetsInParallel = 1;
				LastSwiftUpdateCheck = 1430;
				LastUpgradeCheck = 1430;
				TargetAttributes = {
					588D70672A57131200B250DA = {
						CreatedOnToolsVersion = 14.3;
					};
				};
			};
			buildConfigurationList = 588D70632A57131200B250DA /* Build configuration list for PBXProject "LIChatClient" */;
			compatibilityVersion = "Xcode 13.0";
			developmentRegion = en;
			hasScannedForEncodings = 0;
			knownRegions = (
				en,
				Base,
			);
			mainGroup = 588D705F2A57131200B250DA;
			productRefGroup = 588D70692A57131200B250DA /* Products */;
			projectDirPath = "";
			projectRoot = "";
			targets = (
				588D70672A57131200B250DA /* LIChatClient */,
			);
		};
/* End PBXProject section */

/* Begin PBXResourcesBuildPhase section */
		588D70662A57131200B250DA /* Resources */ = {
			isa = PBXResourcesBuildPhase;
			buildActionMask = 2147483647;
			files = (
				588D70782A57131300B250DA /* LaunchScreen.storyboard in Resources */,
				588D70752A57131300B250DA /* Assets.xcassets in Resources */,
				588D70732A57131200B250DA /* Main.storyboard in Resources */,
			);
			runOnlyForDeploymentPostprocessing = 0;
		};
/* End PBXResourcesBuildPhase section */

/* Begin PBXSourcesBuildPhase section */
		588D70642A57131200B250DA /* Sources */ = {
			isa = PBXSourcesBuildPhase;
			buildActionMask = 2147483647;
			files = (
				588D70702A57131200B250DA /* ViewController.swift in Sources */,
				588D706C2A57131200B250DA /* AppDelegate.swift in Sources */,
				588D706E2A57131200B250DA /* SceneDelegate.swift in Sources */,
				588D70892A585C6900B250DA /* ShadowButton.swift in Sources */,
			);
			runOnlyForDeploymentPostprocessing = 0;
		};
/* End PBXSourcesBuildPhase section */

/* Begin PBXVariantGroup section */
		588D70712A57131200B250DA /* Main.storyboard */ = {
			isa = PBXVariantGroup;
			children = (
				588D70722A57131200B250DA /* Base */,
			);
			name = Main.storyboard;
			sourceTree = "<group>";
		};
		588D70762A57131300B250DA /* LaunchScreen.storyboard */ = {
			isa = PBXVariantGroup;
			children = (
				588D70772A57131300B250DA /* Base */,
			);
			name = LaunchScreen.storyboard;
			sourceTree = "<group>";
		};
/* End PBXVariantGroup section */

/* Begin XCBuildConfiguration section */
		588D707A2A57131300B250DA /* Debug */ = {
			isa = XCBuildConfiguration;
			buildSettings = {
				ALWAYS_SEARCH_USER_PATHS = NO;
				CLANG_ANALYZER_NONNULL = YES;
				CLANG_ANALYZER_NUMBER_OBJECT_CONVERSION = YES_AGGRESSIVE;
				CLANG_CXX_LANGUAGE_STANDARD = "gnu++20";
				CLANG_ENABLE_MODULES = YES;
				CLANG_ENABLE_OBJC_ARC = YES;
				CLANG_ENABLE_OBJC_WEAK = YES;
				CLANG_WARN_BLOCK_CAPTURE_AUTORELEASING = YES;
				CLANG_WARN_BOOL_CONVERSION = YES;
				CLANG_WARN_COMMA = YES;
				CLANG_WARN_CONSTANT_CONVERSION = YES;
				CLANG_WARN_DEPRECATED_OBJC_IMPLEMENTATIONS = YES;
				CLANG_WARN_DIRECT_OBJC_ISA_USAGE = YES_ERROR;
				CLANG_WARN_DOCUMENTATION_COMMENTS = YES;
				CLANG_WARN_EMPTY_BODY = YES;
				CLANG_WARN_ENUM_CONVERSION = YES;
				CLANG_WARN_INFINITE_RECURSION = YES;
				CLANG_WARN_INT_CONVERSION = YES;
				CLANG_WARN_NON_LITERAL_NULL_CONVERSION = YES;
				CLANG_WARN_OBJC_IMPLICIT_RETAIN_SELF = YES;
				CLANG_WARN_OBJC_LITERAL_CONVERSION = YES;
				CLANG_WARN_OBJC_ROOT_CLASS = YES_ERROR;
				CLANG_WARN_QUOTED_INCLUDE_IN_FRAMEWORK_HEADER = YES;
				CLANG_WARN_RANGE_LOOP_ANALYSIS = YES;
				CLANG_WARN_STRICT_PROTOTYPES = YES;
				CLANG_WARN_SUSPICIOUS_MOVE = YES;
				CLANG_WARN_UNGUARDED_AVAILABILITY = YES_AGGRESSIVE;
				CLANG_WARN_UNREACHABLE_CODE = YES;
				CLANG_WARN__DUPLICATE_METHOD_MATCH = YES;
				COPY_PHASE_STRIP = NO;
				DEBUG_INFORMATION_FORMAT = dwarf;
				ENABLE_STRICT_OBJC_MSGSEND = YES;
				ENABLE_TESTABILITY = YES;
				GCC_C_LANGUAGE_STANDARD = gnu11;
				GCC_DYNAMIC_NO_PIC = NO;
				GCC_NO_COMMON_BLOCKS = YES;
				GCC_OPTIMIZATION_LEVEL = 0;
				GCC_PREPROCESSOR_DEFINITIONS = (
					"DEBUG=1",
					"$(inherited)",
				);
				GCC_WARN_64_TO_32_BIT_CONVERSION = YES;
				GCC_WARN_ABOUT_RETURN_TYPE = YES_ERROR;
				GCC_WARN_UNDECLARED_SELECTOR = YES;
				GCC_WARN_UNINITIALIZED_AUTOS = YES_AGGRESSIVE;
				GCC_WARN_UNUSED_FUNCTION = YES;
				GCC_WARN_UNUSED_VARIABLE = YES;
				IPHONEOS_DEPLOYMENT_TARGET = 16.4;
				MTL_ENABLE_DEBUG_INFO = INCLUDE_SOURCE;
				MTL_FAST_MATH = YES;
				ONLY_ACTIVE_ARCH = YES;
				SDKROOT = iphoneos;
				SWIFT_ACTIVE_COMPILATION_CONDITIONS = DEBUG;
				SWIFT_OPTIMIZATION_LEVEL = "-Onone";
			};
			name = Debug;
		};
		588D707B2A57131300B250DA /* Release */ = {
			isa = XCBuildConfiguration;
			buildSettings = {
				ALWAYS_SEARCH_USER_PATHS = NO;
				CLANG_ANALYZER_NONNULL = YES;
				CLANG_ANALYZER_NUMBER_OBJECT_CONVERSION = YES_AGGRESSIVE;
				CLANG_CXX_LANGUAGE_STANDARD = "gnu++20";
				CLANG_ENABLE_MODULES = YES;
				CLANG_ENABLE_OBJC_ARC = YES;
				CLANG_ENABLE_OBJC_WEAK = YES;
				CLANG_WARN_BLOCK_CAPTURE_AUTORELEASING = YES;
				CLANG_WARN_BOOL_CONVERSION = YES;
				CLANG_WARN_COMMA = YES;
				CLANG_WARN_CONSTANT_CONVERSION = YES;
				CLANG_WARN_DEPRECATED_OBJC_IMPLEMENTATIONS = YES;
				CLANG_WARN_DIRECT_OBJC_ISA_USAGE = YES_ERROR;
				CLANG_WARN_DOCUMENTATION_COMMENTS = YES;
				CLANG_WARN_EMPTY_BODY = YES;
				CLANG_WARN_ENUM_CONVERSION = YES;
				CLANG_WARN_INFINITE_RECURSION = YES;
				CLANG_WARN_INT_CONVERSION = YES;
				CLANG_WARN_NON_LITERAL_NULL_CONVERSION = YES;
				CLANG_WARN_OBJC_IMPLICIT_RETAIN_SELF = YES;
				CLANG_WARN_OBJC_LITERAL_CONVERSION = YES;
				CLANG_WARN_OBJC_ROOT_CLASS = YES_ERROR;
				CLANG_WARN_QUOTED_INCLUDE_IN_FRAMEWORK_HEADER = YES;
				CLANG_WARN_RANGE_LOOP_ANALYSIS = YES;
				CLANG_WARN_STRICT_PROTOTYPES = YES;
				CLANG_WARN_SUSPICIOUS_MOVE = YES;
				CLANG_WARN_UNGUARDED_AVAILABILITY = YES_AGGRESSIVE;
				CLANG_WARN_UNREACHABLE_CODE = YES;
				CLANG_WARN__DUPLICATE_METHOD_MATCH = YES;
				COPY_PHASE_STRIP = NO;
				DEBUG_INFORMATION_FORMAT = "dwarf-with-dsym";
				ENABLE_NS_ASSERTIONS = NO;
				ENABLE_STRICT_OBJC_MSGSEND = YES;
				GCC_C_LANGUAGE_STANDARD = gnu11;
				GCC_NO_COMMON_BLOCKS = YES;
				GCC_WARN_64_TO_32_BIT_CONVERSION = YES;
				GCC_WARN_ABOUT_RETURN_TYPE = YES_ERROR;
				GCC_WARN_UNDECLARED_SELECTOR = YES;
				GCC_WARN_UNINITIALIZED_AUTOS = YES_AGGRESSIVE;
				GCC_WARN_UNUSED_FUNCTION = YES;
				GCC_WARN_UNUSED_VARIABLE = YES;
				IPHONEOS_DEPLOYMENT_TARGET = 16.4;
				MTL_ENABLE_DEBUG_INFO = NO;
				MTL_FAST_MATH = YES;
				SDKROOT = iphoneos;
				SWIFT_COMPILATION_MODE = wholemodule;
				SWIFT_OPTIMIZATION_LEVEL = "-O";
				VALIDATE_PRODUCT = YES;
			};
			name = Release;
		};
		588D707D2A57131300B250DA /* Debug */ = {
			isa = XCBuildConfiguration;
			buildSettings = {
				ASSETCATALOG_COMPILER_APPICON_NAME = AppIcon;
				ASSETCATALOG_COMPILER_GLOBAL_ACCENT_COLOR_NAME = AccentColor;
				CODE_SIGN_STYLE = Automatic;
				CURRENT_PROJECT_VERSION = 1;
				DEVELOPMENT_TEAM = UKD97YFL53;
				GENERATE_INFOPLIST_FILE = YES;
				INFOPLIST_FILE = LIChatClient/Info.plist;
				INFOPLIST_KEY_UIApplicationSupportsIndirectInputEvents = YES;
				INFOPLIST_KEY_UILaunchStoryboardName = LaunchScreen;
				INFOPLIST_KEY_UIMainStoryboardFile = Main;
				INFOPLIST_KEY_UISupportedInterfaceOrientations_iPad = "UIInterfaceOrientationPortrait UIInterfaceOrientationPortraitUpsideDown UIInterfaceOrientationLandscapeLeft UIInterfaceOrientationLandscapeRight";
				INFOPLIST_KEY_UISupportedInterfaceOrientations_iPhone = "UIInterfaceOrientationPortrait UIInterfaceOrientationLandscapeLeft UIInterfaceOrientationLandscapeRight";
				LD_RUNPATH_SEARCH_PATHS = (
					"$(inherited)",
					"@executable_path/Frameworks",
				);
				MARKETING_VERSION = 1.0;
				PRODUCT_BUNDLE_IDENTIFIER = com.iliksh.LIChatClient;
				PRODUCT_NAME = "$(TARGET_NAME)";
				SWIFT_EMIT_LOC_STRINGS = YES;
				SWIFT_VERSION = 5.0;
				TARGETED_DEVICE_FAMILY = "1,2";
			};
			name = Debug;
		};
		588D707E2A57131300B250DA /* Release */ = {
			isa = XCBuildConfiguration;
			buildSettings = {
				ASSETCATALOG_COMPILER_APPICON_NAME = AppIcon;
				ASSETCATALOG_COMPILER_GLOBAL_ACCENT_COLOR_NAME = AccentColor;
				CODE_SIGN_STYLE = Automatic;
				CURRENT_PROJECT_VERSION = 1;
				DEVELOPMENT_TEAM = UKD97YFL53;
				GENERATE_INFOPLIST_FILE = YES;
				INFOPLIST_FILE = LIChatClient/Info.plist;
				INFOPLIST_KEY_UIApplicationSupportsIndirectInputEvents = YES;
				INFOPLIST_KEY_UILaunchStoryboardName = LaunchScreen;
				INFOPLIST_KEY_UIMainStoryboardFile = Main;
				INFOPLIST_KEY_UISupportedInterfaceOrientations_iPad = "UIInterfaceOrientationPortrait UIInterfaceOrientationPortraitUpsideDown UIInterfaceOrientationLandscapeLeft UIInterfaceOrientationLandscapeRight";
				INFOPLIST_KEY_UISupportedInterfaceOrientations_iPhone = "UIInterfaceOrientationPortrait UIInterfaceOrientationLandscapeLeft UIInterfaceOrientationLandscapeRight";
				LD_RUNPATH_SEARCH_PATHS = (
					"$(inherited)",
					"@executable_path/Frameworks",
				);
				MARKETING_VERSION = 1.0;
				PRODUCT_BUNDLE_IDENTIFIER = com.iliksh.LIChatClient;
				PRODUCT_NAME = "$(TARGET_NAME)";
				SWIFT_EMIT_LOC_STRINGS = YES;
				SWIFT_VERSION = 5.0;
				TARGETED_DEVICE_FAMILY = "1,2";
			};
			name = Release;
		};
/* End XCBuildConfiguration section */

/* Begin XCConfigurationList section */
		588D70632A57131200B250DA /* Build configuration list for PBXProject "LIChatClient" */ = {
			isa = XCConfigurationList;
			buildConfigurations = (
				588D707A2A57131300B250DA /* Debug */,
				588D707B2A57131300B250DA /* Release */,
			);
			defaultConfigurationIsVisible = 0;
			defaultConfigurationName = Release;
		};
		588D707C2A57131300B250DA /* Build configuration list for PBXNativeTarget "LIChatClient" */ = {
			isa = XCConfigurationList;
			buildConfigurations = (
				588D707D2A57131300B250DA /* Debug */,
				588D707E2A57131300B250DA /* Release */,
			);
			defaultConfigurationIsVisible = 0;
			defaultConfigurationName = Release;
		};
/* End XCConfigurationList section */
	};
	rootObject = 588D70602A57131200B250DA /* Project object */;
}
